
Microsoft Visual Studio Solution File, Format Version 12.00
# Visual Studio Version 17
VisualStudioVersion = 17.9.34723.18
MinimumVisualStudioVersion = 10.0.40219.1
Project("{FAE04EC0-301F-11D3-BF4B-00C04F79EFBC}") = "UserManagementServiceApi", "UserManagementServiceApi\UserManagementServiceApi.csproj", "{EE25D0CB-5905-4DC4-8D47-EFD7D5E08782}"
EndProject
Global
	GlobalSection(SolutionConfigurationPlatforms) = preSolution
		Debug|Any CPU = Debug|Any CPU
		Release|Any CPU = Release|Any CPU
	EndGlobalSection
	GlobalSection(ProjectConfigurationPlatforms) = postSolution
		{EE25D0CB-5905-4DC4-8D47-EFD7D5E08782}.Debug|Any CPU.ActiveCfg = Debug|Any CPU
		{EE25D0CB-5905-4DC4-8D47-EFD7D5E08782}.Debug|Any CPU.Build.0 = Debug|Any CPU
		{EE25D0CB-5905-4DC4-8D47-EFD7D5E08782}.Release|Any CPU.ActiveCfg = Release|Any CPU
		{EE25D0CB-5905-4DC4-8D47-EFD7D5E08782}.Release|Any CPU.Build.0 = Release|Any CPU
	EndGlobalSection
	GlobalSection(SolutionProperties) = preSolution
		HideSolutionNode = FALSE
	EndGlobalSection
	GlobalSection(ExtensibilityGlobals) = postSolution
		SolutionGuid = {E655EECA-F91E-4D5A-B772-6244AAD1F074}
	EndGlobalSection
EndGlobal
